
Microsoft Visual Studio Solution File, Format Version 12.00
# Visual Studio Version 17
VisualStudioVersion = 17.2.32602.215
MinimumVisualStudioVersion = 10.0.40219.1
Project("{FAE04EC0-301F-11D3-BF4B-00C04F79EFBC}") = "ConsoleApp1", "ConsoleApp1\ConsoleApp1.csproj", "{9968466C-985B-4F58-A2AB-7F94583C6CC9}"
EndProject
Global
	GlobalSection(SolutionConfigurationPlatforms) = preSolution
		Debug|Any CPU = Debug|Any CPU
		Release|Any CPU = Release|Any CPU
	EndGlobalSection
	GlobalSection(ProjectConfigurationPlatforms) = postSolution
		{9968466C-985B-4F58-A2AB-7F94583C6CC9}.Debug|Any CPU.ActiveCfg = Debug|Any CPU
		{9968466C-985B-4F58-A2AB-7F94583C6CC9}.Debug|Any CPU.Build.0 = Debug|Any CPU
		{9968466C-985B-4F58-A2AB-7F94583C6CC9}.Release|Any CPU.ActiveCfg = Release|Any CPU
		{9968466C-985B-4F58-A2AB-7F94583C6CC9}.Release|Any CPU.Build.0 = Release|Any CPU
	EndGlobalSection
	GlobalSection(SolutionProperties) = preSolution
		HideSolutionNode = FALSE
	EndGlobalSection
	GlobalSection(ExtensibilityGlobals) = postSolution
		SolutionGuid = {462CC2F0-63D1-4B2C-B0A6-67AEECCE4D04}
	EndGlobalSection
EndGlobal
